
Microsoft Visual Studio Solution File, Format Version 12.00
# Visual Studio Version 17
VisualStudioVersion = 17.6.33829.357
MinimumVisualStudioVersion = 10.0.40219.1
Project("{FAE04EC0-301F-11D3-BF4B-00C04F79EFBC}") = "WebApplication1", "WebApplication1\WebApplication1.csproj", "{9FF24050-5FB8-4F26-B11F-DBBC6A7CACDC}"
EndProject
Project("{FAE04EC0-301F-11D3-BF4B-00C04F79EFBC}") = "Services", "Services\Services.csproj", "{F82BC45A-0A95-4708-880A-AEB2FAF13B81}"
EndProject
Global
	GlobalSection(SolutionConfigurationPlatforms) = preSolution
		Debug|Any CPU = Debug|Any CPU
		Release|Any CPU = Release|Any CPU
	EndGlobalSection
	GlobalSection(ProjectConfigurationPlatforms) = postSolution
		{9FF24050-5FB8-4F26-B11F-DBBC6A7CACDC}.Debug|Any CPU.ActiveCfg = Debug|Any CPU
		{9FF24050-5FB8-4F26-B11F-DBBC6A7CACDC}.Debug|Any CPU.Build.0 = Debug|Any CPU
		{9FF24050-5FB8-4F26-B11F-DBBC6A7CACDC}.Release|Any CPU.ActiveCfg = Release|Any CPU
		{9FF24050-5FB8-4F26-B11F-DBBC6A7CACDC}.Release|Any CPU.Build.0 = Release|Any CPU
		{F82BC45A-0A95-4708-880A-AEB2FAF13B81}.Debug|Any CPU.ActiveCfg = Debug|Any CPU
		{F82BC45A-0A95-4708-880A-AEB2FAF13B81}.Debug|Any CPU.Build.0 = Debug|Any CPU
		{F82BC45A-0A95-4708-880A-AEB2FAF13B81}.Release|Any CPU.ActiveCfg = Release|Any CPU
		{F82BC45A-0A95-4708-880A-AEB2FAF13B81}.Release|Any CPU.Build.0 = Release|Any CPU
	EndGlobalSection
	GlobalSection(SolutionProperties) = preSolution
		HideSolutionNode = FALSE
	EndGlobalSection
	GlobalSection(ExtensibilityGlobals) = postSolution
		SolutionGuid = {DFFB0752-B515-41C1-B36D-7A4A09D44800}
	EndGlobalSection
EndGlobal
